
Microsoft Visual Studio Solution File, Format Version 12.00
# Visual Studio 15
Project("{FAE04EC0-301F-11D3-BF4B-00C04F79EFBC}") = "Config-Library", "Config-Library\Config-Library.csproj", "{11DC1988-6A8D-4C98-8F79-1DA7705D9FC2}"
EndProject
Global
	GlobalSection(SolutionConfigurationPlatforms) = preSolution
		Debug|Any CPU = Debug|Any CPU
		Release|Any CPU = Release|Any CPU
	EndGlobalSection
	GlobalSection(ProjectConfigurationPlatforms) = postSolution
		{11DC1988-6A8D-4C98-8F79-1DA7705D9FC2}.Debug|Any CPU.ActiveCfg = Debug|Any CPU
		{11DC1988-6A8D-4C98-8F79-1DA7705D9FC2}.Debug|Any CPU.Build.0 = Debug|Any CPU
		{11DC1988-6A8D-4C98-8F79-1DA7705D9FC2}.Release|Any CPU.ActiveCfg = Release|Any CPU
		{11DC1988-6A8D-4C98-8F79-1DA7705D9FC2}.Release|Any CPU.Build.0 = Release|Any CPU
	EndGlobalSection
EndGlobal
